
Microsoft Visual Studio Solution File, Format Version 12.00
# Visual Studio Version 17
VisualStudioVersion = 17.8.34525.116
MinimumVisualStudioVersion = 10.0.40219.1
Project("{FAE04EC0-301F-11D3-BF4B-00C04F79EFBC}") = "Railway_Backend", "Railway_Backend\Railway_Backend.csproj", "{01A2979B-D7F1-4C4D-97D0-4E3D044B2216}"
EndProject
Global
	GlobalSection(SolutionConfigurationPlatforms) = preSolution
		Debug|Any CPU = Debug|Any CPU
		Release|Any CPU = Release|Any CPU
	EndGlobalSection
	GlobalSection(ProjectConfigurationPlatforms) = postSolution
		{01A2979B-D7F1-4C4D-97D0-4E3D044B2216}.Debug|Any CPU.ActiveCfg = Debug|Any CPU
		{01A2979B-D7F1-4C4D-97D0-4E3D044B2216}.Debug|Any CPU.Build.0 = Debug|Any CPU
		{01A2979B-D7F1-4C4D-97D0-4E3D044B2216}.Release|Any CPU.ActiveCfg = Release|Any CPU
		{01A2979B-D7F1-4C4D-97D0-4E3D044B2216}.Release|Any CPU.Build.0 = Release|Any CPU
	EndGlobalSection
	GlobalSection(SolutionProperties) = preSolution
		HideSolutionNode = FALSE
	EndGlobalSection
	GlobalSection(ExtensibilityGlobals) = postSolution
		SolutionGuid = {F8FD7168-4640-48C5-ABB4-819252620181}
	EndGlobalSection
EndGlobal
